
Microsoft Visual Studio Solution File, Format Version 12.00
# Visual Studio Version 17
VisualStudioVersion = 17.12.35707.178
MinimumVisualStudioVersion = 10.0.40219.1
Project("{FAE04EC0-301F-11D3-BF4B-00C04F79EFBC}") = "VideoPlatform.Web", "VideoPlatform.Web\VideoPlatform.Web.csproj", "{1B254BD6-9690-4C9F-A99D-1FAC617C0831}"
EndProject
Project("{FAE04EC0-301F-11D3-BF4B-00C04F79EFBC}") = "VideoPlatform.Domain", "VideoPlatform.Domain\VideoPlatform.Domain.csproj", "{AE3AA743-3076-456B-9E11-FB5FAD531433}"
EndProject
Project("{FAE04EC0-301F-11D3-BF4B-00C04F79EFBC}") = "VideoPlatform.Infrastructure", "VideoPlatform.Infrastructure\VideoPlatform.Infrastructure.csproj", "{00F47A26-09B9-4F45-B1BD-2A5072C8ECE4}"
EndProject
Project("{54A90642-561A-4BB1-A94E-469ADEE60C69}") = "VideoPlatform.VideoEditor", "VideoPlatform.VideoEditor\VideoPlatform.VideoEditor.esproj", "{89A60569-98E2-4215-9A13-7AA3A47A09DC}"
EndProject
Global
	GlobalSection(SolutionConfigurationPlatforms) = preSolution
		Debug|Any CPU = Debug|Any CPU
		Release|Any CPU = Release|Any CPU
	EndGlobalSection
	GlobalSection(ProjectConfigurationPlatforms) = postSolution
		{1B254BD6-9690-4C9F-A99D-1FAC617C0831}.Debug|Any CPU.ActiveCfg = Debug|Any CPU
		{1B254BD6-9690-4C9F-A99D-1FAC617C0831}.Debug|Any CPU.Build.0 = Debug|Any CPU
		{1B254BD6-9690-4C9F-A99D-1FAC617C0831}.Release|Any CPU.ActiveCfg = Release|Any CPU
		{1B254BD6-9690-4C9F-A99D-1FAC617C0831}.Release|Any CPU.Build.0 = Release|Any CPU
		{AE3AA743-3076-456B-9E11-FB5FAD531433}.Debug|Any CPU.ActiveCfg = Debug|Any CPU
		{AE3AA743-3076-456B-9E11-FB5FAD531433}.Debug|Any CPU.Build.0 = Debug|Any CPU
		{AE3AA743-3076-456B-9E11-FB5FAD531433}.Release|Any CPU.ActiveCfg = Release|Any CPU
		{AE3AA743-3076-456B-9E11-FB5FAD531433}.Release|Any CPU.Build.0 = Release|Any CPU
		{00F47A26-09B9-4F45-B1BD-2A5072C8ECE4}.Debug|Any CPU.ActiveCfg = Debug|Any CPU
		{00F47A26-09B9-4F45-B1BD-2A5072C8ECE4}.Debug|Any CPU.Build.0 = Debug|Any CPU
		{00F47A26-09B9-4F45-B1BD-2A5072C8ECE4}.Release|Any CPU.ActiveCfg = Release|Any CPU
		{00F47A26-09B9-4F45-B1BD-2A5072C8ECE4}.Release|Any CPU.Build.0 = Release|Any CPU
		{89A60569-98E2-4215-9A13-7AA3A47A09DC}.Debug|Any CPU.ActiveCfg = Debug|Any CPU
		{89A60569-98E2-4215-9A13-7AA3A47A09DC}.Debug|Any CPU.Build.0 = Debug|Any CPU
		{89A60569-98E2-4215-9A13-7AA3A47A09DC}.Debug|Any CPU.Deploy.0 = Debug|Any CPU
		{89A60569-98E2-4215-9A13-7AA3A47A09DC}.Release|Any CPU.ActiveCfg = Release|Any CPU
		{89A60569-98E2-4215-9A13-7AA3A47A09DC}.Release|Any CPU.Build.0 = Release|Any CPU
		{89A60569-98E2-4215-9A13-7AA3A47A09DC}.Release|Any CPU.Deploy.0 = Release|Any CPU
	EndGlobalSection
	GlobalSection(SolutionProperties) = preSolution
		HideSolutionNode = FALSE
	EndGlobalSection
EndGlobal
